
Microsoft Visual Studio Solution File, Format Version 12.00
# Visual Studio Version 17
VisualStudioVersion = 17.5.002.0
MinimumVisualStudioVersion = 10.0.40219.1
Project("{9A19103F-16F7-4668-BE54-9A1E7A4F7556}") = "Starshine.Admin.IServices", "Starshine.Admin.IServices.csproj", "{4E9C7A5A-5E2A-451E-9BF2-9313AE0E0495}"
EndProject
Global
	GlobalSection(SolutionConfigurationPlatforms) = preSolution
		Debug|Any CPU = Debug|Any CPU
		Release|Any CPU = Release|Any CPU
	EndGlobalSection
	GlobalSection(ProjectConfigurationPlatforms) = postSolution
		{4E9C7A5A-5E2A-451E-9BF2-9313AE0E0495}.Debug|Any CPU.ActiveCfg = Debug|Any CPU
		{4E9C7A5A-5E2A-451E-9BF2-9313AE0E0495}.Debug|Any CPU.Build.0 = Debug|Any CPU
		{4E9C7A5A-5E2A-451E-9BF2-9313AE0E0495}.Release|Any CPU.ActiveCfg = Release|Any CPU
		{4E9C7A5A-5E2A-451E-9BF2-9313AE0E0495}.Release|Any CPU.Build.0 = Release|Any CPU
	EndGlobalSection
	GlobalSection(SolutionProperties) = preSolution
		HideSolutionNode = FALSE
	EndGlobalSection
	GlobalSection(ExtensibilityGlobals) = postSolution
		SolutionGuid = {096B86A6-B1E0-425B-983F-36FF50E7BA38}
	EndGlobalSection
EndGlobal
