
Microsoft Visual Studio Solution File, Format Version 12.00
# Visual Studio Version 17
VisualStudioVersion = 17.0.32112.339
MinimumVisualStudioVersion = 10.0.40219.1
Project("{9A19103F-16F7-4668-BE54-9A1E7A4F7556}") = "Hx.Admin.Core", "Hx.Admin.Core\Hx.Admin.Core.csproj", "{3AD1A3ED-ED11-479D-BE32-6589D98A9ADC}"
EndProject
Project("{9A19103F-16F7-4668-BE54-9A1E7A4F7556}") = "Hx.Admin.Web.Core", "Hx.Admin.Web.Core\Hx.Admin.Web.Core.csproj", "{8A42A864-A69E-40F7-975E-F2FA36E7DFEE}"
EndProject
Project("{9A19103F-16F7-4668-BE54-9A1E7A4F7556}") = "Hx.Admin.Web.Entry", "Hx.Admin.Web.Entry\Hx.Admin.Web.Entry.csproj", "{11EA630B-4600-4236-A117-CE6C6CD67586}"
EndProject
Project("{2150E333-8FDC-42A3-9474-1A3956D46DE8}") = "Solution Items", "Solution Items", "{662E0B8E-F23E-4C7D-80BD-CAA5707503CC}"
	ProjectSection(SolutionItems) = preProject
		.editorconfig = .editorconfig
	EndProjectSection
EndProject
Project("{9A19103F-16F7-4668-BE54-9A1E7A4F7556}") = "Hx.Admin.IServices", "Hx.Admin.IServices\Hx.Admin.IServices.csproj", "{910B98B0-B93D-48FF-96BB-A816C77A8BFE}"
EndProject
Project("{9A19103F-16F7-4668-BE54-9A1E7A4F7556}") = "Hx.Admin.Services", "Hx.Admin.Services\Hx.Admin.Services.csproj", "{5B948214-6608-4957-B5B0-3A37A5F461E6}"
EndProject
Project("{9A19103F-16F7-4668-BE54-9A1E7A4F7556}") = "Hx.Admin.Models", "Hx.Admin.Models\Hx.Admin.Models.csproj", "{DADF3147-7746-4879-8CD5-C96720DB5D20}"
EndProject
Project("{2150E333-8FDC-42A3-9474-1A3956D46DE8}") = "1.Core", "1.Core", "{5E9BC6A8-B239-43B7-89D3-C2A7129983FD}"
EndProject
Project("{9A19103F-16F7-4668-BE54-9A1E7A4F7556}") = "Hx.Admin.Tasks", "Hx.Admin.Tasks\Hx.Admin.Tasks.csproj", "{4FCD5E19-0ACD-40D4-9C67-3E5D437AEFE2}"
EndProject
Project("{2150E333-8FDC-42A3-9474-1A3956D46DE8}") = "3.Services", "3.Services", "{16F9C8C8-F542-4B2F-AEC0-6AAE7C56BEC8}"
EndProject
Project("{2150E333-8FDC-42A3-9474-1A3956D46DE8}") = "2.Models", "2.Models", "{9E3A5E25-BBFD-47E0-8064-4220622C82CA}"
EndProject
Project("{2150E333-8FDC-42A3-9474-1A3956D46DE8}") = "4.Web", "4.Web", "{748F6B23-6184-4F00-AE07-13F3CB2693FB}"
EndProject
Project("{9A19103F-16F7-4668-BE54-9A1E7A4F7556}") = "Hx.Admin.Serilog", "Hx.Admin.Serilog\Hx.Admin.Serilog.csproj", "{EE3BEB30-88F5-4317-BEFE-51D414BB88A7}"
EndProject
Global
	GlobalSection(SolutionConfigurationPlatforms) = preSolution
		Debug|Any CPU = Debug|Any CPU
		Release|Any CPU = Release|Any CPU
	EndGlobalSection
	GlobalSection(ProjectConfigurationPlatforms) = postSolution
		{3AD1A3ED-ED11-479D-BE32-6589D98A9ADC}.Debug|Any CPU.ActiveCfg = Debug|Any CPU
		{3AD1A3ED-ED11-479D-BE32-6589D98A9ADC}.Debug|Any CPU.Build.0 = Debug|Any CPU
		{3AD1A3ED-ED11-479D-BE32-6589D98A9ADC}.Release|Any CPU.ActiveCfg = Release|Any CPU
		{3AD1A3ED-ED11-479D-BE32-6589D98A9ADC}.Release|Any CPU.Build.0 = Release|Any CPU
		{8A42A864-A69E-40F7-975E-F2FA36E7DFEE}.Debug|Any CPU.ActiveCfg = Debug|Any CPU
		{8A42A864-A69E-40F7-975E-F2FA36E7DFEE}.Debug|Any CPU.Build.0 = Debug|Any CPU
		{8A42A864-A69E-40F7-975E-F2FA36E7DFEE}.Release|Any CPU.ActiveCfg = Release|Any CPU
		{8A42A864-A69E-40F7-975E-F2FA36E7DFEE}.Release|Any CPU.Build.0 = Release|Any CPU
		{11EA630B-4600-4236-A117-CE6C6CD67586}.Debug|Any CPU.ActiveCfg = Debug|Any CPU
		{11EA630B-4600-4236-A117-CE6C6CD67586}.Debug|Any CPU.Build.0 = Debug|Any CPU
		{11EA630B-4600-4236-A117-CE6C6CD67586}.Release|Any CPU.ActiveCfg = Release|Any CPU
		{11EA630B-4600-4236-A117-CE6C6CD67586}.Release|Any CPU.Build.0 = Release|Any CPU
		{910B98B0-B93D-48FF-96BB-A816C77A8BFE}.Debug|Any CPU.ActiveCfg = Debug|Any CPU
		{910B98B0-B93D-48FF-96BB-A816C77A8BFE}.Debug|Any CPU.Build.0 = Debug|Any CPU
		{910B98B0-B93D-48FF-96BB-A816C77A8BFE}.Release|Any CPU.ActiveCfg = Release|Any CPU
		{910B98B0-B93D-48FF-96BB-A816C77A8BFE}.Release|Any CPU.Build.0 = Release|Any CPU
		{5B948214-6608-4957-B5B0-3A37A5F461E6}.Debug|Any CPU.ActiveCfg = Debug|Any CPU
		{5B948214-6608-4957-B5B0-3A37A5F461E6}.Debug|Any CPU.Build.0 = Debug|Any CPU
		{5B948214-6608-4957-B5B0-3A37A5F461E6}.Release|Any CPU.ActiveCfg = Release|Any CPU
		{5B948214-6608-4957-B5B0-3A37A5F461E6}.Release|Any CPU.Build.0 = Release|Any CPU
		{DADF3147-7746-4879-8CD5-C96720DB5D20}.Debug|Any CPU.ActiveCfg = Debug|Any CPU
		{DADF3147-7746-4879-8CD5-C96720DB5D20}.Debug|Any CPU.Build.0 = Debug|Any CPU
		{DADF3147-7746-4879-8CD5-C96720DB5D20}.Release|Any CPU.ActiveCfg = Release|Any CPU
		{DADF3147-7746-4879-8CD5-C96720DB5D20}.Release|Any CPU.Build.0 = Release|Any CPU
		{4FCD5E19-0ACD-40D4-9C67-3E5D437AEFE2}.Debug|Any CPU.ActiveCfg = Debug|Any CPU
		{4FCD5E19-0ACD-40D4-9C67-3E5D437AEFE2}.Debug|Any CPU.Build.0 = Debug|Any CPU
		{4FCD5E19-0ACD-40D4-9C67-3E5D437AEFE2}.Release|Any CPU.ActiveCfg = Release|Any CPU
		{4FCD5E19-0ACD-40D4-9C67-3E5D437AEFE2}.Release|Any CPU.Build.0 = Release|Any CPU
		{EE3BEB30-88F5-4317-BEFE-51D414BB88A7}.Debug|Any CPU.ActiveCfg = Debug|Any CPU
		{EE3BEB30-88F5-4317-BEFE-51D414BB88A7}.Debug|Any CPU.Build.0 = Debug|Any CPU
		{EE3BEB30-88F5-4317-BEFE-51D414BB88A7}.Release|Any CPU.ActiveCfg = Release|Any CPU
		{EE3BEB30-88F5-4317-BEFE-51D414BB88A7}.Release|Any CPU.Build.0 = Release|Any CPU
	EndGlobalSection
	GlobalSection(SolutionProperties) = preSolution
		HideSolutionNode = FALSE
	EndGlobalSection
	GlobalSection(NestedProjects) = preSolution
		{3AD1A3ED-ED11-479D-BE32-6589D98A9ADC} = {5E9BC6A8-B239-43B7-89D3-C2A7129983FD}
		{8A42A864-A69E-40F7-975E-F2FA36E7DFEE} = {748F6B23-6184-4F00-AE07-13F3CB2693FB}
		{11EA630B-4600-4236-A117-CE6C6CD67586} = {748F6B23-6184-4F00-AE07-13F3CB2693FB}
		{910B98B0-B93D-48FF-96BB-A816C77A8BFE} = {16F9C8C8-F542-4B2F-AEC0-6AAE7C56BEC8}
		{5B948214-6608-4957-B5B0-3A37A5F461E6} = {16F9C8C8-F542-4B2F-AEC0-6AAE7C56BEC8}
		{DADF3147-7746-4879-8CD5-C96720DB5D20} = {9E3A5E25-BBFD-47E0-8064-4220622C82CA}
		{4FCD5E19-0ACD-40D4-9C67-3E5D437AEFE2} = {5E9BC6A8-B239-43B7-89D3-C2A7129983FD}
		{EE3BEB30-88F5-4317-BEFE-51D414BB88A7} = {748F6B23-6184-4F00-AE07-13F3CB2693FB}
	EndGlobalSection
	GlobalSection(ExtensibilityGlobals) = postSolution
		SolutionGuid = {5CD801D7-984A-4F5C-8FA2-211B7A5EA9F3}
	EndGlobalSection
EndGlobal
