Microsoft Visual Studio Solution File, Format Version 12.00
# Visual Studio Version 17
VisualStudioVersion = 17.5.2.0
MinimumVisualStudioVersion = 10.0.40219.1
Project("{FAE04EC0-301F-11D3-BF4B-00C04F79EFBC}") = "Starshine.Admin.Web", "Starshine.Admin.Web.csproj", "{FD2144FE-87C1-BEB9-7E45-BE8B2795B3A0}"
EndProject
Global
	GlobalSection(SolutionConfigurationPlatforms) = preSolution
		Debug|Any CPU = Debug|Any CPU
		Release|Any CPU = Release|Any CPU
	EndGlobalSection
	GlobalSection(ProjectConfigurationPlatforms) = postSolution
		{FD2144FE-87C1-BEB9-7E45-BE8B2795B3A0}.Debug|Any CPU.ActiveCfg = Debug|Any CPU
		{FD2144FE-87C1-BEB9-7E45-BE8B2795B3A0}.Debug|Any CPU.Build.0 = Debug|Any CPU
		{FD2144FE-87C1-BEB9-7E45-BE8B2795B3A0}.Release|Any CPU.ActiveCfg = Release|Any CPU
		{FD2144FE-87C1-BEB9-7E45-BE8B2795B3A0}.Release|Any CPU.Build.0 = Release|Any CPU
	EndGlobalSection
	GlobalSection(SolutionProperties) = preSolution
		HideSolutionNode = FALSE
	EndGlobalSection
	GlobalSection(ExtensibilityGlobals) = postSolution
		SolutionGuid = {A0FF3712-F8A2-45CA-95BC-124E6FFA639D}
	EndGlobalSection
EndGlobal
