
Microsoft Visual Studio Solution File, Format Version 12.00
# Visual Studio Version 17
VisualStudioVersion = 17.5.002.0
MinimumVisualStudioVersion = 10.0.40219.1
Project("{9A19103F-16F7-4668-BE54-9A1E7A4F7556}") = "Starshine.Admin.Models", "Starshine.Admin.Models.csproj", "{9BF862B5-3585-4A65-8187-1E3A96A96C72}"
EndProject
Global
	GlobalSection(SolutionConfigurationPlatforms) = preSolution
		Debug|Any CPU = Debug|Any CPU
		Release|Any CPU = Release|Any CPU
	EndGlobalSection
	GlobalSection(ProjectConfigurationPlatforms) = postSolution
		{9BF862B5-3585-4A65-8187-1E3A96A96C72}.Debug|Any CPU.ActiveCfg = Debug|Any CPU
		{9BF862B5-3585-4A65-8187-1E3A96A96C72}.Debug|Any CPU.Build.0 = Debug|Any CPU
		{9BF862B5-3585-4A65-8187-1E3A96A96C72}.Release|Any CPU.ActiveCfg = Release|Any CPU
		{9BF862B5-3585-4A65-8187-1E3A96A96C72}.Release|Any CPU.Build.0 = Release|Any CPU
	EndGlobalSection
	GlobalSection(SolutionProperties) = preSolution
		HideSolutionNode = FALSE
	EndGlobalSection
	GlobalSection(ExtensibilityGlobals) = postSolution
		SolutionGuid = {B1179F67-1CB0-420B-A137-1C95A5C1035D}
	EndGlobalSection
EndGlobal
